
Microsoft Visual Studio Solution File, Format Version 12.00
# Visual Studio 14
VisualStudioVersion = 14.0.25420.1
MinimumVisualStudioVersion = 10.0.40219.1
Project("{8BB2217D-0F2D-49D1-97BC-3654ED321F3B}") = "Fact.Extensions.Collection", "Fact.Extensions.Collection\Fact.Extensions.Collection.xproj", "{8EBB3E70-9F01-46A6-AC53-285CAF1F1BE1}"
EndProject
Project("{8BB2217D-0F2D-49D1-97BC-3654ED321F3B}") = "Fact.Extensions.Caching", "Fact.Extensions.Caching\Fact.Extensions.Caching.xproj", "{8AB0D287-F597-4ACC-9DBC-29753BDEB5AC}"
EndProject
Project("{8BB2217D-0F2D-49D1-97BC-3654ED321F3B}") = "Fact.Extensions.Collection.Tests", "Fact.Extensions.Collection.Tests\Fact.Extensions.Collection.Tests.xproj", "{CBA21DBC-1140-4717-968F-7014CE53BD26}"
EndProject
Project("{2150E333-8FDC-42A3-9474-1A3956D46DE8}") = "NuGet", "NuGet", "{00900FD9-475E-47E0-B728-AC3F3A474456}"
	ProjectSection(SolutionItems) = preProject
		setenv.sh = setenv.sh
		setenv_windows.sh = setenv_windows.sh
		upload_all.sh = upload_all.sh
		upload_project.sh = upload_project.sh
	EndProjectSection
EndProject
Project("{8BB2217D-0F2D-49D1-97BC-3654ED321F3B}") = "Fact.Extensions.Serialization", "Fact.Extensions.Serialization\Fact.Extensions.Serialization.xproj", "{3294BCB2-602F-4C65-AAE6-62BEE99FB329}"
EndProject
Project("{8BB2217D-0F2D-49D1-97BC-3654ED321F3B}") = "Fact.Extensions.Serialization.Newtonsoft", "Fact.Extensions.Serialization.Newtonsoft\Fact.Extensions.Serialization.Newtonsoft.xproj", "{3CF2291A-675D-4880-A5A8-CF6E960E5FF0}"
EndProject
Project("{8BB2217D-0F2D-49D1-97BC-3654ED321F3B}") = "Fact.Extensions.Serialization.Tests", "Fact.Extensions.Serialization.Tests\Fact.Extensions.Serialization.Tests.xproj", "{7298DA9D-5704-44C8-8B3A-B210FD7ECD81}"
EndProject
Project("{2150E333-8FDC-42A3-9474-1A3956D46DE8}") = "Solution Items", "Solution Items", "{8702DCD0-E599-4CE3-8AC3-A5537BBDC3EF}"
	ProjectSection(SolutionItems) = preProject
		..\README.md = ..\README.md
	EndProjectSection
EndProject
Project("{8BB2217D-0F2D-49D1-97BC-3654ED321F3B}") = "Fact.Extensions.Serialization.MessagePack", "Fact.Extensions.Serialization.MessagePack\Fact.Extensions.Serialization.MessagePack.xproj", "{8568AF60-7372-44C0-9203-EE0C08A28996}"
EndProject
Project("{8BB2217D-0F2D-49D1-97BC-3654ED321F3B}") = "Fact.Extensions.Collection.Interceptor", "Fact.Extensions.Collection.Interceptor\Fact.Extensions.Collection.Interceptor.xproj", "{12E69371-571C-4A4A-9F35-47DA507DEF57}"
EndProject
Project("{8BB2217D-0F2D-49D1-97BC-3654ED321F3B}") = "Fact.Extensions.Configuration", "Fact.Extensions.Configuration\Fact.Extensions.Configuration.xproj", "{0ED188BF-A5EC-4865-99EA-B458B5211602}"
EndProject
Project("{8BB2217D-0F2D-49D1-97BC-3654ED321F3B}") = "Fact.Extensions.Caching.Tests", "Fact.Extensions.Caching.Tests\Fact.Extensions.Caching.Tests.xproj", "{51A693BB-66F5-444F-875A-73FF9E5A6932}"
EndProject
Global
	GlobalSection(SolutionConfigurationPlatforms) = preSolution
		Debug|Any CPU = Debug|Any CPU
		Release|Any CPU = Release|Any CPU
	EndGlobalSection
	GlobalSection(ProjectConfigurationPlatforms) = postSolution
		{8EBB3E70-9F01-46A6-AC53-285CAF1F1BE1}.Debug|Any CPU.ActiveCfg = Debug|Any CPU
		{8EBB3E70-9F01-46A6-AC53-285CAF1F1BE1}.Debug|Any CPU.Build.0 = Debug|Any CPU
		{8EBB3E70-9F01-46A6-AC53-285CAF1F1BE1}.Release|Any CPU.ActiveCfg = Release|Any CPU
		{8EBB3E70-9F01-46A6-AC53-285CAF1F1BE1}.Release|Any CPU.Build.0 = Release|Any CPU
		{8AB0D287-F597-4ACC-9DBC-29753BDEB5AC}.Debug|Any CPU.ActiveCfg = Debug|Any CPU
		{8AB0D287-F597-4ACC-9DBC-29753BDEB5AC}.Debug|Any CPU.Build.0 = Debug|Any CPU
		{8AB0D287-F597-4ACC-9DBC-29753BDEB5AC}.Release|Any CPU.ActiveCfg = Release|Any CPU
		{8AB0D287-F597-4ACC-9DBC-29753BDEB5AC}.Release|Any CPU.Build.0 = Release|Any CPU
		{CBA21DBC-1140-4717-968F-7014CE53BD26}.Debug|Any CPU.ActiveCfg = Debug|Any CPU
		{CBA21DBC-1140-4717-968F-7014CE53BD26}.Debug|Any CPU.Build.0 = Debug|Any CPU
		{CBA21DBC-1140-4717-968F-7014CE53BD26}.Release|Any CPU.ActiveCfg = Release|Any CPU
		{CBA21DBC-1140-4717-968F-7014CE53BD26}.Release|Any CPU.Build.0 = Release|Any CPU
		{3294BCB2-602F-4C65-AAE6-62BEE99FB329}.Debug|Any CPU.ActiveCfg = Debug|Any CPU
		{3294BCB2-602F-4C65-AAE6-62BEE99FB329}.Debug|Any CPU.Build.0 = Debug|Any CPU
		{3294BCB2-602F-4C65-AAE6-62BEE99FB329}.Release|Any CPU.ActiveCfg = Release|Any CPU
		{3294BCB2-602F-4C65-AAE6-62BEE99FB329}.Release|Any CPU.Build.0 = Release|Any CPU
		{3CF2291A-675D-4880-A5A8-CF6E960E5FF0}.Debug|Any CPU.ActiveCfg = Debug|Any CPU
		{3CF2291A-675D-4880-A5A8-CF6E960E5FF0}.Debug|Any CPU.Build.0 = Debug|Any CPU
		{3CF2291A-675D-4880-A5A8-CF6E960E5FF0}.Release|Any CPU.ActiveCfg = Release|Any CPU
		{3CF2291A-675D-4880-A5A8-CF6E960E5FF0}.Release|Any CPU.Build.0 = Release|Any CPU
		{7298DA9D-5704-44C8-8B3A-B210FD7ECD81}.Debug|Any CPU.ActiveCfg = Debug|Any CPU
		{7298DA9D-5704-44C8-8B3A-B210FD7ECD81}.Debug|Any CPU.Build.0 = Debug|Any CPU
		{7298DA9D-5704-44C8-8B3A-B210FD7ECD81}.Release|Any CPU.ActiveCfg = Release|Any CPU
		{7298DA9D-5704-44C8-8B3A-B210FD7ECD81}.Release|Any CPU.Build.0 = Release|Any CPU
		{8568AF60-7372-44C0-9203-EE0C08A28996}.Debug|Any CPU.ActiveCfg = Debug|Any CPU
		{8568AF60-7372-44C0-9203-EE0C08A28996}.Debug|Any CPU.Build.0 = Debug|Any CPU
		{8568AF60-7372-44C0-9203-EE0C08A28996}.Release|Any CPU.ActiveCfg = Release|Any CPU
		{8568AF60-7372-44C0-9203-EE0C08A28996}.Release|Any CPU.Build.0 = Release|Any CPU
		{12E69371-571C-4A4A-9F35-47DA507DEF57}.Debug|Any CPU.ActiveCfg = Debug|Any CPU
		{12E69371-571C-4A4A-9F35-47DA507DEF57}.Debug|Any CPU.Build.0 = Debug|Any CPU
		{12E69371-571C-4A4A-9F35-47DA507DEF57}.Release|Any CPU.ActiveCfg = Release|Any CPU
		{12E69371-571C-4A4A-9F35-47DA507DEF57}.Release|Any CPU.Build.0 = Release|Any CPU
		{0ED188BF-A5EC-4865-99EA-B458B5211602}.Debug|Any CPU.ActiveCfg = Debug|Any CPU
		{0ED188BF-A5EC-4865-99EA-B458B5211602}.Debug|Any CPU.Build.0 = Debug|Any CPU
		{0ED188BF-A5EC-4865-99EA-B458B5211602}.Release|Any CPU.ActiveCfg = Release|Any CPU
		{0ED188BF-A5EC-4865-99EA-B458B5211602}.Release|Any CPU.Build.0 = Release|Any CPU
		{51A693BB-66F5-444F-875A-73FF9E5A6932}.Debug|Any CPU.ActiveCfg = Debug|Any CPU
		{51A693BB-66F5-444F-875A-73FF9E5A6932}.Debug|Any CPU.Build.0 = Debug|Any CPU
		{51A693BB-66F5-444F-875A-73FF9E5A6932}.Release|Any CPU.ActiveCfg = Release|Any CPU
		{51A693BB-66F5-444F-875A-73FF9E5A6932}.Release|Any CPU.Build.0 = Release|Any CPU
	EndGlobalSection
	GlobalSection(SolutionProperties) = preSolution
		HideSolutionNode = FALSE
	EndGlobalSection
EndGlobal
